
Microsoft Visual Studio Solution File, Format Version 12.00
# Visual Studio 2017
Project("{FAE04EC0-301F-11D3-BF4B-00C04F79EFBC}") = "LoveMonster", "LoveMonster.csproj", "{9BE50021-C516-709A-4E28-1D904D54A4F0}"
EndProject
Project("{FAE04EC0-301F-11D3-BF4B-00C04F79EFBC}") = "LoveMonster.Editor", "LoveMonster.Editor.csproj", "{81647EB3-C117-0F55-BCFD-25D614C55ED5}"
EndProject
Global
	GlobalSection(SolutionConfigurationPlatforms) = preSolution
		Debug|Any CPU = Debug|Any CPU
		Release|Any CPU = Release|Any CPU
	EndGlobalSection
	GlobalSection(ProjectConfigurationPlatforms) = postSolution
		{9BE50021-C516-709A-4E28-1D904D54A4F0}.Debug|Any CPU.ActiveCfg = Debug|Any CPU
		{9BE50021-C516-709A-4E28-1D904D54A4F0}.Debug|Any CPU.Build.0 = Debug|Any CPU
		{9BE50021-C516-709A-4E28-1D904D54A4F0}.Release|Any CPU.ActiveCfg = Release|Any CPU
		{9BE50021-C516-709A-4E28-1D904D54A4F0}.Release|Any CPU.Build.0 = Release|Any CPU
		{81647EB3-C117-0F55-BCFD-25D614C55ED5}.Debug|Any CPU.ActiveCfg = Debug|Any CPU
		{81647EB3-C117-0F55-BCFD-25D614C55ED5}.Debug|Any CPU.Build.0 = Debug|Any CPU
		{81647EB3-C117-0F55-BCFD-25D614C55ED5}.Release|Any CPU.ActiveCfg = Release|Any CPU
		{81647EB3-C117-0F55-BCFD-25D614C55ED5}.Release|Any CPU.Build.0 = Release|Any CPU
	EndGlobalSection
	GlobalSection(SolutionProperties) = preSolution
		HideSolutionNode = FALSE
	EndGlobalSection
EndGlobal
